// !$*UTF8*$!
{
	archiveVersion = 1;
	classes = {
	};
	objectVersion = 50;
	objects = {

/* Begin PBXBuildFile section */
		AC27E6D3216C86420039BF87 /* AppDelegate.swift in Sources */ = {isa = PBXBuildFile; fileRef = AC27E6D2216C86420039BF87 /* AppDelegate.swift */; };
		AC27E6D5216C86430039BF87 /* ViewController.swift in Sources */ = {isa = PBXBuildFile; fileRef = AC27E6D4216C86430039BF87 /* ViewController.swift */; };
		AC27E6D8216C86430039BF87 /* Main.storyboard in Resources */ = {isa = PBXBuildFile; fileRef = AC27E6D6216C86430039BF87 /* Main.storyboard */; };
		AC27E6DA216C864F0039BF87 /* Assets.xcassets in Resources */ = {isa = PBXBuildFile; fileRef = AC27E6D9216C864F0039BF87 /* Assets.xcassets */; };
		AC27E6DD216C864F0039BF87 /* LaunchScreen.storyboard in Resources */ = {isa = PBXBuildFile; fileRef = AC27E6DB216C864F0039BF87 /* LaunchScreen.storyboard */; };
		AC27E6E5216CA2670039BF87 /* Shape.swift in Sources */ = {isa = PBXBuildFile; fileRef = AC27E6E4216CA2670039BF87 /* Shape.swift */; };
/* End PBXBuildFile section */

/* Begin PBXFileReference section */
		AC27E6CF216C86420039BF87 /* Day06-MotionCube.app */ = {isa = PBXFileReference; explicitFileType = wrapper.application; includeInIndex = 0; path = "Day06-MotionCube.app"; sourceTree = BUILT_PRODUCTS_DIR; };
		AC27E6D2216C86420039BF87 /* AppDelegate.swift */ = {isa = PBXFileReference; lastKnownFileType = sourcecode.swift; path = AppDelegate.swift; sourceTree = "<group>"; };
		AC27E6D4216C86430039BF87 /* ViewController.swift */ = {isa = PBXFileReference; lastKnownFileType = sourcecode.swift; path = ViewController.swift; sourceTree = "<group>"; };
		AC27E6D7216C86430039BF87 /* Base */ = {isa = PBXFileReference; lastKnownFileType = file.storyboard; name = Base; path = Base.lproj/Main.storyboard; sourceTree = "<group>"; };
		AC27E6D9216C864F0039BF87 /* Assets.xcassets */ = {isa = PBXFileReference; lastKnownFileType = folder.assetcatalog; path = Assets.xcassets; sourceTree = "<group>"; };
		AC27E6DC216C864F0039BF87 /* Base */ = {isa = PBXFileReference; lastKnownFileType = file.storyboard; name = Base; path = Base.lproj/LaunchScreen.storyboard; sourceTree = "<group>"; };
		AC27E6DE216C864F0039BF87 /* Info.plist */ = {isa = PBXFileReference; lastKnownFileType = text.plist.xml; path = Info.plist; sourceTree = "<group>"; };
		AC27E6E4216CA2670039BF87 /* Shape.swift */ = {isa = PBXFileReference; lastKnownFileType = sourcecode.swift; path = Shape.swift; sourceTree = "<group>"; };
/* End PBXFileReference section */

/* Begin PBXFrameworksBuildPhase section */
		AC27E6CC216C86420039BF87 /* Frameworks */ = {
			isa = PBXFrameworksBuildPhase;
			buildActionMask = 2147483647;
			files = (
			);
			runOnlyForDeploymentPostprocessing = 0;
		};
/* End PBXFrameworksBuildPhase section */

/* Begin PBXGroup section */
		AC27E6C6216C86420039BF87 = {
			isa = PBXGroup;
			children = (
				AC27E6D1216C86420039BF87 /* Day06-MotionCube */,
				AC27E6D0216C86420039BF87 /* Products */,
			);
			sourceTree = "<group>";
		};
		AC27E6D0216C86420039BF87 /* Products */ = {
			isa = PBXGroup;
			children = (
				AC27E6CF216C86420039BF87 /* Day06-MotionCube.app */,
			);
			name = Products;
			sourceTree = "<group>";
		};
		AC27E6D1216C86420039BF87 /* Day06-MotionCube */ = {
			isa = PBXGroup;
			children = (
				AC27E6D2216C86420039BF87 /* AppDelegate.swift */,
				AC27E6D4216C86430039BF87 /* ViewController.swift */,
				AC27E6D6216C86430039BF87 /* Main.storyboard */,
				AC27E6D9216C864F0039BF87 /* Assets.xcassets */,
				AC27E6DB216C864F0039BF87 /* LaunchScreen.storyboard */,
				AC27E6DE216C864F0039BF87 /* Info.plist */,
				AC27E6E4216CA2670039BF87 /* Shape.swift */,
			);
			path = "Day06-MotionCube";
			sourceTree = "<group>";
		};
/* End PBXGroup section */

/* Begin PBXNativeTarget section */
		AC27E6CE216C86420039BF87 /* Day06-MotionCube */ = {
			isa = PBXNativeTarget;
			buildConfigurationList = AC27E6E1216C864F0039BF87 /* Build configuration list for PBXNativeTarget "Day06-MotionCube" */;
			buildPhases = (
				AC27E6CB216C86420039BF87 /* Sources */,
				AC27E6CC216C86420039BF87 /* Frameworks */,
				AC27E6CD216C86420039BF87 /* Resources */,
			);
			buildRules = (
			);
			dependencies = (
			);
			name = "Day06-MotionCube";
			productName = "Day06-MotionCube";
			productReference = AC27E6CF216C86420039BF87 /* Day06-MotionCube.app */;
			productType = "com.apple.product-type.application";
		};
/* End PBXNativeTarget section */

/* Begin PBXProject section */
		AC27E6C7216C86420039BF87 /* Project object */ = {
			isa = PBXProject;
			attributes = {
				LastSwiftUpdateCheck = 0940;
				LastUpgradeCheck = 0940;
				ORGANIZATIONNAME = Khomotjo;
				TargetAttributes = {
					AC27E6CE216C86420039BF87 = {
						CreatedOnToolsVersion = 9.4.1;
					};
				};
			};
			buildConfigurationList = AC27E6CA216C86420039BF87 /* Build configuration list for PBXProject "Day06-MotionCube" */;
			compatibilityVersion = "Xcode 9.3";
			developmentRegion = en;
			hasScannedForEncodings = 0;
			knownRegions = (
				en,
				Base,
			);
			mainGroup = AC27E6C6216C86420039BF87;
			productRefGroup = AC27E6D0216C86420039BF87 /* Products */;
			projectDirPath = "";
			projectRoot = "";
			targets = (
				AC27E6CE216C86420039BF87 /* Day06-MotionCube */,
			);
		};
/* End PBXProject section */

/* Begin PBXResourcesBuildPhase section */
		AC27E6CD216C86420039BF87 /* Resources */ = {
			isa = PBXResourcesBuildPhase;
			buildActionMask = 2147483647;
			files = (
				AC27E6DD216C864F0039BF87 /* LaunchScreen.storyboard in Resources */,
				AC27E6DA216C864F0039BF87 /* Assets.xcassets in Resources */,
				AC27E6D8216C86430039BF87 /* Main.storyboard in Resources */,
			);
			runOnlyForDeploymentPostprocessing = 0;
		};
/* End PBXResourcesBuildPhase section */

/* Begin PBXSourcesBuildPhase section */
		AC27E6CB216C86420039BF87 /* Sources */ = {
			isa = PBXSourcesBuildPhase;
			buildActionMask = 2147483647;
			files = (
				AC27E6D5216C86430039BF87 /* ViewController.swift in Sources */,
				AC27E6E5216CA2670039BF87 /* Shape.swift in Sources */,
				AC27E6D3216C86420039BF87 /* AppDelegate.swift in Sources */,
			);
			runOnlyForDeploymentPostprocessing = 0;
		};
/* End PBXSourcesBuildPhase section */

/* Begin PBXVariantGroup section */
		AC27E6D6216C86430039BF87 /* Main.storyboard */ = {
			isa = PBXVariantGroup;
			children = (
				AC27E6D7216C86430039BF87 /* Base */,
			);
			name = Main.storyboard;
			sourceTree = "<group>";
		};
		AC27E6DB216C864F0039BF87 /* LaunchScreen.storyboard */ = {
			isa = PBXVariantGroup;
			children = (
				AC27E6DC216C864F0039BF87 /* Base */,
			);
			name = LaunchScreen.storyboard;
			sourceTree = "<group>";
		};
/* End PBXVariantGroup section */

/* Begin XCBuildConfiguration section */
		AC27E6DF216C864F0039BF87 /* Debug */ = {
			isa = XCBuildConfiguration;
			buildSettings = {
				ALWAYS_SEARCH_USER_PATHS = NO;
				CLANG_ANALYZER_NONNULL = YES;
				CLANG_ANALYZER_NUMBER_OBJECT_CONVERSION = YES_AGGRESSIVE;
				CLANG_CXX_LANGUAGE_STANDARD = "gnu++14";
				CLANG_CXX_LIBRARY = "libc++";
				CLANG_ENABLE_MODULES = YES;
				CLANG_ENABLE_OBJC_ARC = YES;
				CLANG_ENABLE_OBJC_WEAK = YES;
				CLANG_WARN_BLOCK_CAPTURE_AUTORELEASING = YES;
				CLANG_WARN_BOOL_CONVERSION = YES;
				CLANG_WARN_COMMA = YES;
				CLANG_WARN_CONSTANT_CONVERSION = YES;
				CLANG_WARN_DEPRECATED_OBJC_IMPLEMENTATIONS = YES;
				CLANG_WARN_DIRECT_OBJC_ISA_USAGE = YES_ERROR;
				CLANG_WARN_DOCUMENTATION_COMMENTS = YES;
				CLANG_WARN_EMPTY_BODY = YES;
				CLANG_WARN_ENUM_CONVERSION = YES;
				CLANG_WARN_INFINITE_RECURSION = YES;
				CLANG_WARN_INT_CONVERSION = YES;
				CLANG_WARN_NON_LITERAL_NULL_CONVERSION = YES;
				CLANG_WARN_OBJC_IMPLICIT_RETAIN_SELF = YES;
				CLANG_WARN_OBJC_LITERAL_CONVERSION = YES;
				CLANG_WARN_OBJC_ROOT_CLASS = YES_ERROR;
				CLANG_WARN_RANGE_LOOP_ANALYSIS = YES;
				CLANG_WARN_STRICT_PROTOTYPES = YES;
				CLANG_WARN_SUSPICIOUS_MOVE = YES;
				CLANG_WARN_UNGUARDED_AVAILABILITY = YES_AGGRESSIVE;
				CLANG_WARN_UNREACHABLE_CODE = YES;
				CLANG_WARN__DUPLICATE_METHOD_MATCH = YES;
				CODE_SIGN_IDENTITY = "iPhone Developer";
				COPY_PHASE_STRIP = NO;
				DEBUG_INFORMATION_FORMAT = dwarf;
				ENABLE_STRICT_OBJC_MSGSEND = YES;
				ENABLE_TESTABILITY = YES;
				GCC_C_LANGUAGE_STANDARD = gnu11;
				GCC_DYNAMIC_NO_PIC = NO;
				GCC_NO_COMMON_BLOCKS = YES;
				GCC_OPTIMIZATION_LEVEL = 0;
				GCC_PREPROCESSOR_DEFINITIONS = (
					"DEBUG=1",
					"$(inherited)",
				);
				GCC_WARN_64_TO_32_BIT_CONVERSION = YES;
				GCC_WARN_ABOUT_RETURN_TYPE = YES_ERROR;
				GCC_WARN_UNDECLARED_SELECTOR = YES;
				GCC_WARN_UNINITIALIZED_AUTOS = YES_AGGRESSIVE;
				GCC_WARN_UNUSED_FUNCTION = YES;
				GCC_WARN_UNUSED_VARIABLE = YES;
				IPHONEOS_DEPLOYMENT_TARGET = 11.4;
				MTL_ENABLE_DEBUG_INFO = YES;
				ONLY_ACTIVE_ARCH = YES;
				SDKROOT = iphoneos;
				SWIFT_ACTIVE_COMPILATION_CONDITIONS = DEBUG;
				SWIFT_OPTIMIZATION_LEVEL = "-Onone";
			};
			name = Debug;
		};
		AC27E6E0216C864F0039BF87 /* Release */ = {
			isa = XCBuildConfiguration;
			buildSettings = {
				ALWAYS_SEARCH_USER_PATHS = NO;
				CLANG_ANALYZER_NONNULL = YES;
				CLANG_ANALYZER_NUMBER_OBJECT_CONVERSION = YES_AGGRESSIVE;
				CLANG_CXX_LANGUAGE_STANDARD = "gnu++14";
				CLANG_CXX_LIBRARY = "libc++";
				CLANG_ENABLE_MODULES = YES;
				CLANG_ENABLE_OBJC_ARC = YES;
				CLANG_ENABLE_OBJC_WEAK = YES;
				CLANG_WARN_BLOCK_CAPTURE_AUTORELEASING = YES;
				CLANG_WARN_BOOL_CONVERSION = YES;
				CLANG_WARN_COMMA = YES;
				CLANG_WARN_CONSTANT_CONVERSION = YES;
				CLANG_WARN_DEPRECATED_OBJC_IMPLEMENTATIONS = YES;
				CLANG_WARN_DIRECT_OBJC_ISA_USAGE = YES_ERROR;
				CLANG_WARN_DOCUMENTATION_COMMENTS = YES;
				CLANG_WARN_EMPTY_BODY = YES;
				CLANG_WARN_ENUM_CONVERSION = YES;
				CLANG_WARN_INFINITE_RECURSION = YES;
				CLANG_WARN_INT_CONVERSION = YES;
				CLANG_WARN_NON_LITERAL_NULL_CONVERSION = YES;
				CLANG_WARN_OBJC_IMPLICIT_RETAIN_SELF = YES;
				CLANG_WARN_OBJC_LITERAL_CONVERSION = YES;
				CLANG_WARN_OBJC_ROOT_CLASS = YES_ERROR;
				CLANG_WARN_RANGE_LOOP_ANALYSIS = YES;
				CLANG_WARN_STRICT_PROTOTYPES = YES;
				CLANG_WARN_SUSPICIOUS_MOVE = YES;
				CLANG_WARN_UNGUARDED_AVAILABILITY = YES_AGGRESSIVE;
				CLANG_WARN_UNREACHABLE_CODE = YES;
				CLANG_WARN__DUPLICATE_METHOD_MATCH = YES;
				CODE_SIGN_IDENTITY = "iPhone Developer";
				COPY_PHASE_STRIP = NO;
				DEBUG_INFORMATION_FORMAT = "dwarf-with-dsym";
				ENABLE_NS_ASSERTIONS = NO;
				ENABLE_STRICT_OBJC_MSGSEND = YES;
				GCC_C_LANGUAGE_STANDARD = gnu11;
				GCC_NO_COMMON_BLOCKS = YES;
				GCC_WARN_64_TO_32_BIT_CONVERSION = YES;
				GCC_WARN_ABOUT_RETURN_TYPE = YES_ERROR;
				GCC_WARN_UNDECLARED_SELECTOR = YES;
				GCC_WARN_UNINITIALIZED_AUTOS = YES_AGGRESSIVE;
				GCC_WARN_UNUSED_FUNCTION = YES;
				GCC_WARN_UNUSED_VARIABLE = YES;
				IPHONEOS_DEPLOYMENT_TARGET = 11.4;
				MTL_ENABLE_DEBUG_INFO = NO;
				SDKROOT = iphoneos;
				SWIFT_COMPILATION_MODE = wholemodule;
				SWIFT_OPTIMIZATION_LEVEL = "-O";
				VALIDATE_PRODUCT = YES;
			};
			name = Release;
		};
		AC27E6E2216C864F0039BF87 /* Debug */ = {
			isa = XCBuildConfiguration;
			buildSettings = {
				ASSETCATALOG_COMPILER_APPICON_NAME = AppIcon;
				CODE_SIGN_STYLE = Automatic;
				INFOPLIST_FILE = "Day06-MotionCube/Info.plist";
				LD_RUNPATH_SEARCH_PATHS = (
					"$(inherited)",
					"@executable_path/Frameworks",
				);
				PRODUCT_BUNDLE_IDENTIFIER = "kmodipa.Day06-MotionCube";
				PRODUCT_NAME = "$(TARGET_NAME)";
				SWIFT_VERSION = 4.0;
				TARGETED_DEVICE_FAMILY = "1,2";
			};
			name = Debug;
		};
		AC27E6E3216C864F0039BF87 /* Release */ = {
			isa = XCBuildConfiguration;
			buildSettings = {
				ASSETCATALOG_COMPILER_APPICON_NAME = AppIcon;
				CODE_SIGN_STYLE = Automatic;
				INFOPLIST_FILE = "Day06-MotionCube/Info.plist";
				LD_RUNPATH_SEARCH_PATHS = (
					"$(inherited)",
					"@executable_path/Frameworks",
				);
				PRODUCT_BUNDLE_IDENTIFIER = "kmodipa.Day06-MotionCube";
				PRODUCT_NAME = "$(TARGET_NAME)";
				SWIFT_VERSION = 4.0;
				TARGETED_DEVICE_FAMILY = "1,2";
			};
			name = Release;
		};
/* End XCBuildConfiguration section */

/* Begin XCConfigurationList section */
		AC27E6CA216C86420039BF87 /* Build configuration list for PBXProject "Day06-MotionCube" */ = {
			isa = XCConfigurationList;
			buildConfigurations = (
				AC27E6DF216C864F0039BF87 /* Debug */,
				AC27E6E0216C864F0039BF87 /* Release */,
			);
			defaultConfigurationIsVisible = 0;
			defaultConfigurationName = Release;
		};
		AC27E6E1216C864F0039BF87 /* Build configuration list for PBXNativeTarget "Day06-MotionCube" */ = {
			isa = XCConfigurationList;
			buildConfigurations = (
				AC27E6E2216C864F0039BF87 /* Debug */,
				AC27E6E3216C864F0039BF87 /* Release */,
			);
			defaultConfigurationIsVisible = 0;
			defaultConfigurationName = Release;
		};
/* End XCConfigurationList section */
	};
	rootObject = AC27E6C7216C86420039BF87 /* Project object */;
}
