// !$*UTF8*$!
{
	archiveVersion = 1;
	classes = {
	};
	objectVersion = 50;
	objects = {

/* Begin PBXBuildFile section */
		012A25429B83A5B5C7B765AB /* Pods_Rush01_Plan42_GPS.framework in Frameworks */ = {isa = PBXBuildFile; fileRef = F7458072E06F07BE91A74A98 /* Pods_Rush01_Plan42_GPS.framework */; };
		AC45734B2171E8B1003B5308 /* AppDelegate.swift in Sources */ = {isa = PBXBuildFile; fileRef = AC45734A2171E8B1003B5308 /* AppDelegate.swift */; };
		AC45734D2171E8B1003B5308 /* ViewController.swift in Sources */ = {isa = PBXBuildFile; fileRef = AC45734C2171E8B1003B5308 /* ViewController.swift */; };
		AC4573502171E8B1003B5308 /* Main.storyboard in Resources */ = {isa = PBXBuildFile; fileRef = AC45734E2171E8B1003B5308 /* Main.storyboard */; };
		AC4573522171E8CA003B5308 /* Assets.xcassets in Resources */ = {isa = PBXBuildFile; fileRef = AC4573512171E8CA003B5308 /* Assets.xcassets */; };
		AC4573552171E8CA003B5308 /* LaunchScreen.storyboard in Resources */ = {isa = PBXBuildFile; fileRef = AC4573532171E8CA003B5308 /* LaunchScreen.storyboard */; };
		ACC06960217353BB0084215F /* searchAndNavigateViewController.swift in Sources */ = {isa = PBXBuildFile; fileRef = ACC0695F217353BB0084215F /* searchAndNavigateViewController.swift */; };
		ACC0696221738CFD0084215F /* PlaceAnnotationClass.swift in Sources */ = {isa = PBXBuildFile; fileRef = ACC0696121738CFD0084215F /* PlaceAnnotationClass.swift */; };
/* End PBXBuildFile section */

/* Begin PBXFileReference section */
		7A8664DCCB04229367715ABC /* Pods-Rush01-Plan42-GPS.debug.xcconfig */ = {isa = PBXFileReference; includeInIndex = 1; lastKnownFileType = text.xcconfig; name = "Pods-Rush01-Plan42-GPS.debug.xcconfig"; path = "Pods/Target Support Files/Pods-Rush01-Plan42-GPS/Pods-Rush01-Plan42-GPS.debug.xcconfig"; sourceTree = "<group>"; };
		AC4573472171E8B1003B5308 /* Rush01-Plan42-GPS.app */ = {isa = PBXFileReference; explicitFileType = wrapper.application; includeInIndex = 0; path = "Rush01-Plan42-GPS.app"; sourceTree = BUILT_PRODUCTS_DIR; };
		AC45734A2171E8B1003B5308 /* AppDelegate.swift */ = {isa = PBXFileReference; lastKnownFileType = sourcecode.swift; path = AppDelegate.swift; sourceTree = "<group>"; };
		AC45734C2171E8B1003B5308 /* ViewController.swift */ = {isa = PBXFileReference; lastKnownFileType = sourcecode.swift; path = ViewController.swift; sourceTree = "<group>"; };
		AC45734F2171E8B1003B5308 /* Base */ = {isa = PBXFileReference; lastKnownFileType = file.storyboard; name = Base; path = Base.lproj/Main.storyboard; sourceTree = "<group>"; };
		AC4573512171E8CA003B5308 /* Assets.xcassets */ = {isa = PBXFileReference; lastKnownFileType = folder.assetcatalog; path = Assets.xcassets; sourceTree = "<group>"; };
		AC4573542171E8CA003B5308 /* Base */ = {isa = PBXFileReference; lastKnownFileType = file.storyboard; name = Base; path = Base.lproj/LaunchScreen.storyboard; sourceTree = "<group>"; };
		AC4573562171E8CB003B5308 /* Info.plist */ = {isa = PBXFileReference; lastKnownFileType = text.plist.xml; path = Info.plist; sourceTree = "<group>"; };
		ACC0695F217353BB0084215F /* searchAndNavigateViewController.swift */ = {isa = PBXFileReference; lastKnownFileType = sourcecode.swift; path = searchAndNavigateViewController.swift; sourceTree = "<group>"; };
		ACC0696121738CFD0084215F /* PlaceAnnotationClass.swift */ = {isa = PBXFileReference; lastKnownFileType = sourcecode.swift; path = PlaceAnnotationClass.swift; sourceTree = "<group>"; };
		D2091EC8793CD9757DE3132D /* Pods-Rush01-Plan42-GPS.release.xcconfig */ = {isa = PBXFileReference; includeInIndex = 1; lastKnownFileType = text.xcconfig; name = "Pods-Rush01-Plan42-GPS.release.xcconfig"; path = "Pods/Target Support Files/Pods-Rush01-Plan42-GPS/Pods-Rush01-Plan42-GPS.release.xcconfig"; sourceTree = "<group>"; };
		F7458072E06F07BE91A74A98 /* Pods_Rush01_Plan42_GPS.framework */ = {isa = PBXFileReference; explicitFileType = wrapper.framework; includeInIndex = 0; path = Pods_Rush01_Plan42_GPS.framework; sourceTree = BUILT_PRODUCTS_DIR; };
/* End PBXFileReference section */

/* Begin PBXFrameworksBuildPhase section */
		AC4573442171E8B1003B5308 /* Frameworks */ = {
			isa = PBXFrameworksBuildPhase;
			buildActionMask = 2147483647;
			files = (
				012A25429B83A5B5C7B765AB /* Pods_Rush01_Plan42_GPS.framework in Frameworks */,
			);
			runOnlyForDeploymentPostprocessing = 0;
		};
/* End PBXFrameworksBuildPhase section */

/* Begin PBXGroup section */
		357A7233CE7EF97BD2FB7C96 /* Pods */ = {
			isa = PBXGroup;
			children = (
				7A8664DCCB04229367715ABC /* Pods-Rush01-Plan42-GPS.debug.xcconfig */,
				D2091EC8793CD9757DE3132D /* Pods-Rush01-Plan42-GPS.release.xcconfig */,
			);
			name = Pods;
			sourceTree = "<group>";
		};
		78D9D132843421981F929AE0 /* Frameworks */ = {
			isa = PBXGroup;
			children = (
				F7458072E06F07BE91A74A98 /* Pods_Rush01_Plan42_GPS.framework */,
			);
			name = Frameworks;
			sourceTree = "<group>";
		};
		AC45733E2171E8B0003B5308 = {
			isa = PBXGroup;
			children = (
				AC4573492171E8B1003B5308 /* Rush01-Plan42-GPS */,
				AC4573482171E8B1003B5308 /* Products */,
				357A7233CE7EF97BD2FB7C96 /* Pods */,
				78D9D132843421981F929AE0 /* Frameworks */,
			);
			sourceTree = "<group>";
		};
		AC4573482171E8B1003B5308 /* Products */ = {
			isa = PBXGroup;
			children = (
				AC4573472171E8B1003B5308 /* Rush01-Plan42-GPS.app */,
			);
			name = Products;
			sourceTree = "<group>";
		};
		AC4573492171E8B1003B5308 /* Rush01-Plan42-GPS */ = {
			isa = PBXGroup;
			children = (
				AC45734A2171E8B1003B5308 /* AppDelegate.swift */,
				AC45734C2171E8B1003B5308 /* ViewController.swift */,
				AC45734E2171E8B1003B5308 /* Main.storyboard */,
				AC4573512171E8CA003B5308 /* Assets.xcassets */,
				AC4573532171E8CA003B5308 /* LaunchScreen.storyboard */,
				AC4573562171E8CB003B5308 /* Info.plist */,
				ACC0695F217353BB0084215F /* searchAndNavigateViewController.swift */,
				ACC0696121738CFD0084215F /* PlaceAnnotationClass.swift */,
			);
			path = "Rush01-Plan42-GPS";
			sourceTree = "<group>";
		};
/* End PBXGroup section */

/* Begin PBXNativeTarget section */
		AC4573462171E8B1003B5308 /* Rush01-Plan42-GPS */ = {
			isa = PBXNativeTarget;
			buildConfigurationList = AC4573592171E8CB003B5308 /* Build configuration list for PBXNativeTarget "Rush01-Plan42-GPS" */;
			buildPhases = (
				675B8C88A0740C67D592B6AC /* [CP] Check Pods Manifest.lock */,
				AC4573432171E8B1003B5308 /* Sources */,
				AC4573442171E8B1003B5308 /* Frameworks */,
				AC4573452171E8B1003B5308 /* Resources */,
				CCC69B4FD7EDF3AB253D1751 /* [CP] Embed Pods Frameworks */,
			);
			buildRules = (
			);
			dependencies = (
			);
			name = "Rush01-Plan42-GPS";
			productName = "Rush01-Plan42-GPS";
			productReference = AC4573472171E8B1003B5308 /* Rush01-Plan42-GPS.app */;
			productType = "com.apple.product-type.application";
		};
/* End PBXNativeTarget section */

/* Begin PBXProject section */
		AC45733F2171E8B0003B5308 /* Project object */ = {
			isa = PBXProject;
			attributes = {
				LastSwiftUpdateCheck = 0940;
				LastUpgradeCheck = 0940;
				ORGANIZATIONNAME = "Khomotjo MODIPA";
				TargetAttributes = {
					AC4573462171E8B1003B5308 = {
						CreatedOnToolsVersion = 9.4.1;
						SystemCapabilities = {
							com.apple.BackgroundModes = {
								enabled = 1;
							};
						};
					};
				};
			};
			buildConfigurationList = AC4573422171E8B0003B5308 /* Build configuration list for PBXProject "Rush01-Plan42-GPS" */;
			compatibilityVersion = "Xcode 9.3";
			developmentRegion = en;
			hasScannedForEncodings = 0;
			knownRegions = (
				en,
				Base,
			);
			mainGroup = AC45733E2171E8B0003B5308;
			productRefGroup = AC4573482171E8B1003B5308 /* Products */;
			projectDirPath = "";
			projectRoot = "";
			targets = (
				AC4573462171E8B1003B5308 /* Rush01-Plan42-GPS */,
			);
		};
/* End PBXProject section */

/* Begin PBXResourcesBuildPhase section */
		AC4573452171E8B1003B5308 /* Resources */ = {
			isa = PBXResourcesBuildPhase;
			buildActionMask = 2147483647;
			files = (
				AC4573552171E8CA003B5308 /* LaunchScreen.storyboard in Resources */,
				AC4573522171E8CA003B5308 /* Assets.xcassets in Resources */,
				AC4573502171E8B1003B5308 /* Main.storyboard in Resources */,
			);
			runOnlyForDeploymentPostprocessing = 0;
		};
/* End PBXResourcesBuildPhase section */

/* Begin PBXShellScriptBuildPhase section */
		675B8C88A0740C67D592B6AC /* [CP] Check Pods Manifest.lock */ = {
			isa = PBXShellScriptBuildPhase;
			buildActionMask = 2147483647;
			files = (
			);
			inputPaths = (
				"${PODS_PODFILE_DIR_PATH}/Podfile.lock",
				"${PODS_ROOT}/Manifest.lock",
			);
			name = "[CP] Check Pods Manifest.lock";
			outputPaths = (
				"$(DERIVED_FILE_DIR)/Pods-Rush01-Plan42-GPS-checkManifestLockResult.txt",
			);
			runOnlyForDeploymentPostprocessing = 0;
			shellPath = /bin/sh;
			shellScript = "diff \"${PODS_PODFILE_DIR_PATH}/Podfile.lock\" \"${PODS_ROOT}/Manifest.lock\" > /dev/null\nif [ $? != 0 ] ; then\n    # print error to STDERR\n    echo \"error: The sandbox is not in sync with the Podfile.lock. Run 'pod install' or update your CocoaPods installation.\" >&2\n    exit 1\nfi\n# This output is used by Xcode 'outputs' to avoid re-running this script phase.\necho \"SUCCESS\" > \"${SCRIPT_OUTPUT_FILE_0}\"\n";
			showEnvVarsInLog = 0;
		};
		CCC69B4FD7EDF3AB253D1751 /* [CP] Embed Pods Frameworks */ = {
			isa = PBXShellScriptBuildPhase;
			buildActionMask = 2147483647;
			files = (
			);
			inputPaths = (
				"${SRCROOT}/Pods/Target Support Files/Pods-Rush01-Plan42-GPS/Pods-Rush01-Plan42-GPS-frameworks.sh",
				"${PODS_ROOT}/Mapbox-iOS-SDK/dynamic/Mapbox.framework",
				"${PODS_ROOT}/Mapbox-iOS-SDK/dynamic/Mapbox.framework.dSYM",
				"${BUILT_PRODUCTS_DIR}/MapboxCoreNavigation/MapboxCoreNavigation.framework",
				"${BUILT_PRODUCTS_DIR}/MapboxDirections.swift/MapboxDirections.framework",
				"${BUILT_PRODUCTS_DIR}/MapboxMobileEvents/MapboxMobileEvents.framework",
				"${BUILT_PRODUCTS_DIR}/MapboxNavigation/MapboxNavigation.framework",
				"${PODS_ROOT}/MapboxNavigationNative/MapboxNavigationNative.framework",
				"${PODS_ROOT}/MapboxNavigationNative/MapboxNavigationNative.framework.dSYM",
				"${BUILT_PRODUCTS_DIR}/MapboxSpeech/MapboxSpeech.framework",
				"${BUILT_PRODUCTS_DIR}/Polyline/Polyline.framework",
				"${BUILT_PRODUCTS_DIR}/Solar/Solar.framework",
				"${BUILT_PRODUCTS_DIR}/Turf/Turf.framework",
			);
			name = "[CP] Embed Pods Frameworks";
			outputPaths = (
				"${TARGET_BUILD_DIR}/${FRAMEWORKS_FOLDER_PATH}/Mapbox.framework",
				"${DWARF_DSYM_FOLDER_PATH}/Mapbox.framework.dSYM",
				"${TARGET_BUILD_DIR}/${FRAMEWORKS_FOLDER_PATH}/MapboxCoreNavigation.framework",
				"${TARGET_BUILD_DIR}/${FRAMEWORKS_FOLDER_PATH}/MapboxDirections.framework",
				"${TARGET_BUILD_DIR}/${FRAMEWORKS_FOLDER_PATH}/MapboxMobileEvents.framework",
				"${TARGET_BUILD_DIR}/${FRAMEWORKS_FOLDER_PATH}/MapboxNavigation.framework",
				"${TARGET_BUILD_DIR}/${FRAMEWORKS_FOLDER_PATH}/MapboxNavigationNative.framework",
				"${DWARF_DSYM_FOLDER_PATH}/MapboxNavigationNative.framework.dSYM",
				"${TARGET_BUILD_DIR}/${FRAMEWORKS_FOLDER_PATH}/MapboxSpeech.framework",
				"${TARGET_BUILD_DIR}/${FRAMEWORKS_FOLDER_PATH}/Polyline.framework",
				"${TARGET_BUILD_DIR}/${FRAMEWORKS_FOLDER_PATH}/Solar.framework",
				"${TARGET_BUILD_DIR}/${FRAMEWORKS_FOLDER_PATH}/Turf.framework",
			);
			runOnlyForDeploymentPostprocessing = 0;
			shellPath = /bin/sh;
			shellScript = "\"${SRCROOT}/Pods/Target Support Files/Pods-Rush01-Plan42-GPS/Pods-Rush01-Plan42-GPS-frameworks.sh\"\n";
			showEnvVarsInLog = 0;
		};
/* End PBXShellScriptBuildPhase section */

/* Begin PBXSourcesBuildPhase section */
		AC4573432171E8B1003B5308 /* Sources */ = {
			isa = PBXSourcesBuildPhase;
			buildActionMask = 2147483647;
			files = (
				ACC06960217353BB0084215F /* searchAndNavigateViewController.swift in Sources */,
				AC45734D2171E8B1003B5308 /* ViewController.swift in Sources */,
				AC45734B2171E8B1003B5308 /* AppDelegate.swift in Sources */,
				ACC0696221738CFD0084215F /* PlaceAnnotationClass.swift in Sources */,
			);
			runOnlyForDeploymentPostprocessing = 0;
		};
/* End PBXSourcesBuildPhase section */

/* Begin PBXVariantGroup section */
		AC45734E2171E8B1003B5308 /* Main.storyboard */ = {
			isa = PBXVariantGroup;
			children = (
				AC45734F2171E8B1003B5308 /* Base */,
			);
			name = Main.storyboard;
			sourceTree = "<group>";
		};
		AC4573532171E8CA003B5308 /* LaunchScreen.storyboard */ = {
			isa = PBXVariantGroup;
			children = (
				AC4573542171E8CA003B5308 /* Base */,
			);
			name = LaunchScreen.storyboard;
			sourceTree = "<group>";
		};
/* End PBXVariantGroup section */

/* Begin XCBuildConfiguration section */
		AC4573572171E8CB003B5308 /* Debug */ = {
			isa = XCBuildConfiguration;
			buildSettings = {
				ALWAYS_SEARCH_USER_PATHS = NO;
				CLANG_ANALYZER_NONNULL = YES;
				CLANG_ANALYZER_NUMBER_OBJECT_CONVERSION = YES_AGGRESSIVE;
				CLANG_CXX_LANGUAGE_STANDARD = "gnu++14";
				CLANG_CXX_LIBRARY = "libc++";
				CLANG_ENABLE_MODULES = YES;
				CLANG_ENABLE_OBJC_ARC = YES;
				CLANG_ENABLE_OBJC_WEAK = YES;
				CLANG_WARN_BLOCK_CAPTURE_AUTORELEASING = YES;
				CLANG_WARN_BOOL_CONVERSION = YES;
				CLANG_WARN_COMMA = YES;
				CLANG_WARN_CONSTANT_CONVERSION = YES;
				CLANG_WARN_DEPRECATED_OBJC_IMPLEMENTATIONS = YES;
				CLANG_WARN_DIRECT_OBJC_ISA_USAGE = YES_ERROR;
				CLANG_WARN_DOCUMENTATION_COMMENTS = YES;
				CLANG_WARN_EMPTY_BODY = YES;
				CLANG_WARN_ENUM_CONVERSION = YES;
				CLANG_WARN_INFINITE_RECURSION = YES;
				CLANG_WARN_INT_CONVERSION = YES;
				CLANG_WARN_NON_LITERAL_NULL_CONVERSION = YES;
				CLANG_WARN_OBJC_IMPLICIT_RETAIN_SELF = YES;
				CLANG_WARN_OBJC_LITERAL_CONVERSION = YES;
				CLANG_WARN_OBJC_ROOT_CLASS = YES_ERROR;
				CLANG_WARN_RANGE_LOOP_ANALYSIS = YES;
				CLANG_WARN_STRICT_PROTOTYPES = YES;
				CLANG_WARN_SUSPICIOUS_MOVE = YES;
				CLANG_WARN_UNGUARDED_AVAILABILITY = YES_AGGRESSIVE;
				CLANG_WARN_UNREACHABLE_CODE = YES;
				CLANG_WARN__DUPLICATE_METHOD_MATCH = YES;
				CODE_SIGN_IDENTITY = "iPhone Developer";
				COPY_PHASE_STRIP = NO;
				DEBUG_INFORMATION_FORMAT = dwarf;
				ENABLE_STRICT_OBJC_MSGSEND = YES;
				ENABLE_TESTABILITY = YES;
				GCC_C_LANGUAGE_STANDARD = gnu11;
				GCC_DYNAMIC_NO_PIC = NO;
				GCC_NO_COMMON_BLOCKS = YES;
				GCC_OPTIMIZATION_LEVEL = 0;
				GCC_PREPROCESSOR_DEFINITIONS = (
					"DEBUG=1",
					"$(inherited)",
				);
				GCC_WARN_64_TO_32_BIT_CONVERSION = YES;
				GCC_WARN_ABOUT_RETURN_TYPE = YES_ERROR;
				GCC_WARN_UNDECLARED_SELECTOR = YES;
				GCC_WARN_UNINITIALIZED_AUTOS = YES_AGGRESSIVE;
				GCC_WARN_UNUSED_FUNCTION = YES;
				GCC_WARN_UNUSED_VARIABLE = YES;
				IPHONEOS_DEPLOYMENT_TARGET = 11.4;
				MTL_ENABLE_DEBUG_INFO = YES;
				ONLY_ACTIVE_ARCH = YES;
				SDKROOT = iphoneos;
				SWIFT_ACTIVE_COMPILATION_CONDITIONS = DEBUG;
				SWIFT_OPTIMIZATION_LEVEL = "-Onone";
			};
			name = Debug;
		};
		AC4573582171E8CB003B5308 /* Release */ = {
			isa = XCBuildConfiguration;
			buildSettings = {
				ALWAYS_SEARCH_USER_PATHS = NO;
				CLANG_ANALYZER_NONNULL = YES;
				CLANG_ANALYZER_NUMBER_OBJECT_CONVERSION = YES_AGGRESSIVE;
				CLANG_CXX_LANGUAGE_STANDARD = "gnu++14";
				CLANG_CXX_LIBRARY = "libc++";
				CLANG_ENABLE_MODULES = YES;
				CLANG_ENABLE_OBJC_ARC = YES;
				CLANG_ENABLE_OBJC_WEAK = YES;
				CLANG_WARN_BLOCK_CAPTURE_AUTORELEASING = YES;
				CLANG_WARN_BOOL_CONVERSION = YES;
				CLANG_WARN_COMMA = YES;
				CLANG_WARN_CONSTANT_CONVERSION = YES;
				CLANG_WARN_DEPRECATED_OBJC_IMPLEMENTATIONS = YES;
				CLANG_WARN_DIRECT_OBJC_ISA_USAGE = YES_ERROR;
				CLANG_WARN_DOCUMENTATION_COMMENTS = YES;
				CLANG_WARN_EMPTY_BODY = YES;
				CLANG_WARN_ENUM_CONVERSION = YES;
				CLANG_WARN_INFINITE_RECURSION = YES;
				CLANG_WARN_INT_CONVERSION = YES;
				CLANG_WARN_NON_LITERAL_NULL_CONVERSION = YES;
				CLANG_WARN_OBJC_IMPLICIT_RETAIN_SELF = YES;
				CLANG_WARN_OBJC_LITERAL_CONVERSION = YES;
				CLANG_WARN_OBJC_ROOT_CLASS = YES_ERROR;
				CLANG_WARN_RANGE_LOOP_ANALYSIS = YES;
				CLANG_WARN_STRICT_PROTOTYPES = YES;
				CLANG_WARN_SUSPICIOUS_MOVE = YES;
				CLANG_WARN_UNGUARDED_AVAILABILITY = YES_AGGRESSIVE;
				CLANG_WARN_UNREACHABLE_CODE = YES;
				CLANG_WARN__DUPLICATE_METHOD_MATCH = YES;
				CODE_SIGN_IDENTITY = "iPhone Developer";
				COPY_PHASE_STRIP = NO;
				DEBUG_INFORMATION_FORMAT = "dwarf-with-dsym";
				ENABLE_NS_ASSERTIONS = NO;
				ENABLE_STRICT_OBJC_MSGSEND = YES;
				GCC_C_LANGUAGE_STANDARD = gnu11;
				GCC_NO_COMMON_BLOCKS = YES;
				GCC_WARN_64_TO_32_BIT_CONVERSION = YES;
				GCC_WARN_ABOUT_RETURN_TYPE = YES_ERROR;
				GCC_WARN_UNDECLARED_SELECTOR = YES;
				GCC_WARN_UNINITIALIZED_AUTOS = YES_AGGRESSIVE;
				GCC_WARN_UNUSED_FUNCTION = YES;
				GCC_WARN_UNUSED_VARIABLE = YES;
				IPHONEOS_DEPLOYMENT_TARGET = 11.4;
				MTL_ENABLE_DEBUG_INFO = NO;
				SDKROOT = iphoneos;
				SWIFT_COMPILATION_MODE = wholemodule;
				SWIFT_OPTIMIZATION_LEVEL = "-O";
				VALIDATE_PRODUCT = YES;
			};
			name = Release;
		};
		AC45735A2171E8CB003B5308 /* Debug */ = {
			isa = XCBuildConfiguration;
			baseConfigurationReference = 7A8664DCCB04229367715ABC /* Pods-Rush01-Plan42-GPS.debug.xcconfig */;
			buildSettings = {
				ASSETCATALOG_COMPILER_APPICON_NAME = AppIcon;
				CODE_SIGN_STYLE = Automatic;
				INFOPLIST_FILE = "Rush01-Plan42-GPS/Info.plist";
				LD_RUNPATH_SEARCH_PATHS = (
					"$(inherited)",
					"@executable_path/Frameworks",
				);
				PRODUCT_BUNDLE_IDENTIFIER = "kmodipa.Rush01-Plan42-GPS";
				PRODUCT_NAME = "$(TARGET_NAME)";
				SWIFT_VERSION = 4.0;
				TARGETED_DEVICE_FAMILY = "1,2";
			};
			name = Debug;
		};
		AC45735B2171E8CB003B5308 /* Release */ = {
			isa = XCBuildConfiguration;
			baseConfigurationReference = D2091EC8793CD9757DE3132D /* Pods-Rush01-Plan42-GPS.release.xcconfig */;
			buildSettings = {
				ASSETCATALOG_COMPILER_APPICON_NAME = AppIcon;
				CODE_SIGN_STYLE = Automatic;
				INFOPLIST_FILE = "Rush01-Plan42-GPS/Info.plist";
				LD_RUNPATH_SEARCH_PATHS = (
					"$(inherited)",
					"@executable_path/Frameworks",
				);
				PRODUCT_BUNDLE_IDENTIFIER = "kmodipa.Rush01-Plan42-GPS";
				PRODUCT_NAME = "$(TARGET_NAME)";
				SWIFT_VERSION = 4.0;
				TARGETED_DEVICE_FAMILY = "1,2";
			};
			name = Release;
		};
/* End XCBuildConfiguration section */

/* Begin XCConfigurationList section */
		AC4573422171E8B0003B5308 /* Build configuration list for PBXProject "Rush01-Plan42-GPS" */ = {
			isa = XCConfigurationList;
			buildConfigurations = (
				AC4573572171E8CB003B5308 /* Debug */,
				AC4573582171E8CB003B5308 /* Release */,
			);
			defaultConfigurationIsVisible = 0;
			defaultConfigurationName = Release;
		};
		AC4573592171E8CB003B5308 /* Build configuration list for PBXNativeTarget "Rush01-Plan42-GPS" */ = {
			isa = XCConfigurationList;
			buildConfigurations = (
				AC45735A2171E8CB003B5308 /* Debug */,
				AC45735B2171E8CB003B5308 /* Release */,
			);
			defaultConfigurationIsVisible = 0;
			defaultConfigurationName = Release;
		};
/* End XCConfigurationList section */
	};
	rootObject = AC45733F2171E8B0003B5308 /* Project object */;
}
